
Microsoft Visual Studio Solution File, Format Version 12.00
# Visual Studio Version 16
VisualStudioVersion = 16.0.30523.141
MinimumVisualStudioVersion = 10.0.40219.1
Project("{FAE04EC0-301F-11D3-BF4B-00C04F79EFBC}") = "donut", "donut\donut.csproj", "{E69B75C3-79A0-4428-AA43-2746E4597C25}"
EndProject
Global
	GlobalSection(SolutionConfigurationPlatforms) = preSolution
		Debug|Any CPU = Debug|Any CPU
		Release|Any CPU = Release|Any CPU
	EndGlobalSection
	GlobalSection(ProjectConfigurationPlatforms) = postSolution
		{E69B75C3-79A0-4428-AA43-2746E4597C25}.Debug|Any CPU.ActiveCfg = Debug|Any CPU
		{E69B75C3-79A0-4428-AA43-2746E4597C25}.Debug|Any CPU.Build.0 = Debug|Any CPU
		{E69B75C3-79A0-4428-AA43-2746E4597C25}.Release|Any CPU.ActiveCfg = Release|Any CPU
		{E69B75C3-79A0-4428-AA43-2746E4597C25}.Release|Any CPU.Build.0 = Release|Any CPU
	EndGlobalSection
	GlobalSection(SolutionProperties) = preSolution
		HideSolutionNode = FALSE
	EndGlobalSection
	GlobalSection(ExtensibilityGlobals) = postSolution
		SolutionGuid = {1BF0B85F-B979-4EB3-9C42-45C85F3090B5}
	EndGlobalSection
EndGlobal
